// !$*UTF8*$!
{
	archiveVersion = 1;
	classes = {
	};
	objectVersion = 46;
	objects = {

/* Begin PBXBuildFile section */
		B173720A1D349FAA0092E919 /* main.m in Sources */ = {isa = PBXBuildFile; fileRef = B17372091D349FAA0092E919 /* main.m */; };
		B173720D1D349FAA0092E919 /* AppDelegate.m in Sources */ = {isa = PBXBuildFile; fileRef = B173720C1D349FAA0092E919 /* AppDelegate.m */; };
		B17372101D349FAA0092E919 /* ViewController.m in Sources */ = {isa = PBXBuildFile; fileRef = B173720F1D349FAA0092E919 /* ViewController.m */; };
		B17372131D349FAA0092E919 /* Main.storyboard in Resources */ = {isa = PBXBuildFile; fileRef = B17372111D349FAA0092E919 /* Main.storyboard */; };
		B17372151D349FAA0092E919 /* Assets.xcassets in Resources */ = {isa = PBXBuildFile; fileRef = B17372141D349FAA0092E919 /* Assets.xcassets */; };
		B17372181D349FAA0092E919 /* LaunchScreen.storyboard in Resources */ = {isa = PBXBuildFile; fileRef = B17372161D349FAA0092E919 /* LaunchScreen.storyboard */; };
		B17372231D349FAA0092E919 /* AutolayoutTestTests.m in Sources */ = {isa = PBXBuildFile; fileRef = B17372221D349FAA0092E919 /* AutolayoutTestTests.m */; };
		B173722E1D349FAA0092E919 /* AutolayoutTestUITests.m in Sources */ = {isa = PBXBuildFile; fileRef = B173722D1D349FAA0092E919 /* AutolayoutTestUITests.m */; };
/* End PBXBuildFile section */

/* Begin PBXContainerItemProxy section */
		B173721F1D349FAA0092E919 /* PBXContainerItemProxy */ = {
			isa = PBXContainerItemProxy;
			containerPortal = B17371FD1D349FAA0092E919 /* Project object */;
			proxyType = 1;
			remoteGlobalIDString = B17372041D349FAA0092E919;
			remoteInfo = AutolayoutTest;
		};
		B173722A1D349FAA0092E919 /* PBXContainerItemProxy */ = {
			isa = PBXContainerItemProxy;
			containerPortal = B17371FD1D349FAA0092E919 /* Project object */;
			proxyType = 1;
			remoteGlobalIDString = B17372041D349FAA0092E919;
			remoteInfo = AutolayoutTest;
		};
/* End PBXContainerItemProxy section */

/* Begin PBXFileReference section */
		B17372051D349FAA0092E919 /* AutolayoutTest.app */ = {isa = PBXFileReference; explicitFileType = wrapper.application; includeInIndex = 0; path = AutolayoutTest.app; sourceTree = BUILT_PRODUCTS_DIR; };
		B17372091D349FAA0092E919 /* main.m */ = {isa = PBXFileReference; lastKnownFileType = sourcecode.c.objc; path = main.m; sourceTree = "<group>"; };
		B173720B1D349FAA0092E919 /* AppDelegate.h */ = {isa = PBXFileReference; lastKnownFileType = sourcecode.c.h; path = AppDelegate.h; sourceTree = "<group>"; };
		B173720C1D349FAA0092E919 /* AppDelegate.m */ = {isa = PBXFileReference; lastKnownFileType = sourcecode.c.objc; path = AppDelegate.m; sourceTree = "<group>"; };
		B173720E1D349FAA0092E919 /* ViewController.h */ = {isa = PBXFileReference; lastKnownFileType = sourcecode.c.h; path = ViewController.h; sourceTree = "<group>"; };
		B173720F1D349FAA0092E919 /* ViewController.m */ = {isa = PBXFileReference; lastKnownFileType = sourcecode.c.objc; path = ViewController.m; sourceTree = "<group>"; };
		B17372121D349FAA0092E919 /* Base */ = {isa = PBXFileReference; lastKnownFileType = file.storyboard; name = Base; path = Base.lproj/Main.storyboard; sourceTree = "<group>"; };
		B17372141D349FAA0092E919 /* Assets.xcassets */ = {isa = PBXFileReference; lastKnownFileType = folder.assetcatalog; path = Assets.xcassets; sourceTree = "<group>"; };
		B17372171D349FAA0092E919 /* Base */ = {isa = PBXFileReference; lastKnownFileType = file.storyboard; name = Base; path = Base.lproj/LaunchScreen.storyboard; sourceTree = "<group>"; };
		B17372191D349FAA0092E919 /* Info.plist */ = {isa = PBXFileReference; lastKnownFileType = text.plist.xml; path = Info.plist; sourceTree = "<group>"; };
		B173721E1D349FAA0092E919 /* AutolayoutTestTests.xctest */ = {isa = PBXFileReference; explicitFileType = wrapper.cfbundle; includeInIndex = 0; path = AutolayoutTestTests.xctest; sourceTree = BUILT_PRODUCTS_DIR; };
		B17372221D349FAA0092E919 /* AutolayoutTestTests.m */ = {isa = PBXFileReference; lastKnownFileType = sourcecode.c.objc; path = AutolayoutTestTests.m; sourceTree = "<group>"; };
		B17372241D349FAA0092E919 /* Info.plist */ = {isa = PBXFileReference; lastKnownFileType = text.plist.xml; path = Info.plist; sourceTree = "<group>"; };
		B17372291D349FAA0092E919 /* AutolayoutTestUITests.xctest */ = {isa = PBXFileReference; explicitFileType = wrapper.cfbundle; includeInIndex = 0; path = AutolayoutTestUITests.xctest; sourceTree = BUILT_PRODUCTS_DIR; };
		B173722D1D349FAA0092E919 /* AutolayoutTestUITests.m */ = {isa = PBXFileReference; lastKnownFileType = sourcecode.c.objc; path = AutolayoutTestUITests.m; sourceTree = "<group>"; };
		B173722F1D349FAA0092E919 /* Info.plist */ = {isa = PBXFileReference; lastKnownFileType = text.plist.xml; path = Info.plist; sourceTree = "<group>"; };
/* End PBXFileReference section */

/* Begin PBXFrameworksBuildPhase section */
		B17372021D349FAA0092E919 /* Frameworks */ = {
			isa = PBXFrameworksBuildPhase;
			buildActionMask = 2147483647;
			files = (
			);
			runOnlyForDeploymentPostprocessing = 0;
		};
		B173721B1D349FAA0092E919 /* Frameworks */ = {
			isa = PBXFrameworksBuildPhase;
			buildActionMask = 2147483647;
			files = (
			);
			runOnlyForDeploymentPostprocessing = 0;
		};
		B17372261D349FAA0092E919 /* Frameworks */ = {
			isa = PBXFrameworksBuildPhase;
			buildActionMask = 2147483647;
			files = (
			);
			runOnlyForDeploymentPostprocessing = 0;
		};
/* End PBXFrameworksBuildPhase section */

/* Begin PBXGroup section */
		B17371FC1D349FAA0092E919 = {
			isa = PBXGroup;
			children = (
				B17372071D349FAA0092E919 /* AutolayoutTest */,
				B17372211D349FAA0092E919 /* AutolayoutTestTests */,
				B173722C1D349FAA0092E919 /* AutolayoutTestUITests */,
				B17372061D349FAA0092E919 /* Products */,
			);
			sourceTree = "<group>";
		};
		B17372061D349FAA0092E919 /* Products */ = {
			isa = PBXGroup;
			children = (
				B17372051D349FAA0092E919 /* AutolayoutTest.app */,
				B173721E1D349FAA0092E919 /* AutolayoutTestTests.xctest */,
				B17372291D349FAA0092E919 /* AutolayoutTestUITests.xctest */,
			);
			name = Products;
			sourceTree = "<group>";
		};
		B17372071D349FAA0092E919 /* AutolayoutTest */ = {
			isa = PBXGroup;
			children = (
				B173720B1D349FAA0092E919 /* AppDelegate.h */,
				B173720C1D349FAA0092E919 /* AppDelegate.m */,
				B173720E1D349FAA0092E919 /* ViewController.h */,
				B173720F1D349FAA0092E919 /* ViewController.m */,
				B17372111D349FAA0092E919 /* Main.storyboard */,
				B17372141D349FAA0092E919 /* Assets.xcassets */,
				B17372161D349FAA0092E919 /* LaunchScreen.storyboard */,
				B17372191D349FAA0092E919 /* Info.plist */,
				B17372081D349FAA0092E919 /* Supporting Files */,
			);
			path = AutolayoutTest;
			sourceTree = "<group>";
		};
		B17372081D349FAA0092E919 /* Supporting Files */ = {
			isa = PBXGroup;
			children = (
				B17372091D349FAA0092E919 /* main.m */,
			);
			name = "Supporting Files";
			sourceTree = "<group>";
		};
		B17372211D349FAA0092E919 /* AutolayoutTestTests */ = {
			isa = PBXGroup;
			children = (
				B17372221D349FAA0092E919 /* AutolayoutTestTests.m */,
				B17372241D349FAA0092E919 /* Info.plist */,
			);
			path = AutolayoutTestTests;
			sourceTree = "<group>";
		};
		B173722C1D349FAA0092E919 /* AutolayoutTestUITests */ = {
			isa = PBXGroup;
			children = (
				B173722D1D349FAA0092E919 /* AutolayoutTestUITests.m */,
				B173722F1D349FAA0092E919 /* Info.plist */,
			);
			path = AutolayoutTestUITests;
			sourceTree = "<group>";
		};
/* End PBXGroup section */

/* Begin PBXNativeTarget section */
		B17372041D349FAA0092E919 /* AutolayoutTest */ = {
			isa = PBXNativeTarget;
			buildConfigurationList = B17372321D349FAA0092E919 /* Build configuration list for PBXNativeTarget "AutolayoutTest" */;
			buildPhases = (
				B17372011D349FAA0092E919 /* Sources */,
				B17372021D349FAA0092E919 /* Frameworks */,
				B17372031D349FAA0092E919 /* Resources */,
			);
			buildRules = (
			);
			dependencies = (
			);
			name = AutolayoutTest;
			productName = AutolayoutTest;
			productReference = B17372051D349FAA0092E919 /* AutolayoutTest.app */;
			productType = "com.apple.product-type.application";
		};
		B173721D1D349FAA0092E919 /* AutolayoutTestTests */ = {
			isa = PBXNativeTarget;
			buildConfigurationList = B17372351D349FAA0092E919 /* Build configuration list for PBXNativeTarget "AutolayoutTestTests" */;
			buildPhases = (
				B173721A1D349FAA0092E919 /* Sources */,
				B173721B1D349FAA0092E919 /* Frameworks */,
				B173721C1D349FAA0092E919 /* Resources */,
			);
			buildRules = (
			);
			dependencies = (
				B17372201D349FAA0092E919 /* PBXTargetDependency */,
			);
			name = AutolayoutTestTests;
			productName = AutolayoutTestTests;
			productReference = B173721E1D349FAA0092E919 /* AutolayoutTestTests.xctest */;
			productType = "com.apple.product-type.bundle.unit-test";
		};
		B17372281D349FAA0092E919 /* AutolayoutTestUITests */ = {
			isa = PBXNativeTarget;
			buildConfigurationList = B17372381D349FAA0092E919 /* Build configuration list for PBXNativeTarget "AutolayoutTestUITests" */;
			buildPhases = (
				B17372251D349FAA0092E919 /* Sources */,
				B17372261D349FAA0092E919 /* Frameworks */,
				B17372271D349FAA0092E919 /* Resources */,
			);
			buildRules = (
			);
			dependencies = (
				B173722B1D349FAA0092E919 /* PBXTargetDependency */,
			);
			name = AutolayoutTestUITests;
			productName = AutolayoutTestUITests;
			productReference = B17372291D349FAA0092E919 /* AutolayoutTestUITests.xctest */;
			productType = "com.apple.product-type.bundle.ui-testing";
		};
/* End PBXNativeTarget section */

/* Begin PBXProject section */
		B17371FD1D349FAA0092E919 /* Project object */ = {
			isa = PBXProject;
			attributes = {
				LastUpgradeCheck = 0710;
				ORGANIZATIONNAME = Luo;
				TargetAttributes = {
					B17372041D349FAA0092E919 = {
						CreatedOnToolsVersion = 7.1;
					};
					B173721D1D349FAA0092E919 = {
						CreatedOnToolsVersion = 7.1;
						TestTargetID = B17372041D349FAA0092E919;
					};
					B17372281D349FAA0092E919 = {
						CreatedOnToolsVersion = 7.1;
						TestTargetID = B17372041D349FAA0092E919;
					};
				};
			};
			buildConfigurationList = B17372001D349FAA0092E919 /* Build configuration list for PBXProject "AutolayoutTest" */;
			compatibilityVersion = "Xcode 3.2";
			developmentRegion = English;
			hasScannedForEncodings = 0;
			knownRegions = (
				en,
				Base,
			);
			mainGroup = B17371FC1D349FAA0092E919;
			productRefGroup = B17372061D349FAA0092E919 /* Products */;
			projectDirPath = "";
			projectRoot = "";
			targets = (
				B17372041D349FAA0092E919 /* AutolayoutTest */,
				B173721D1D349FAA0092E919 /* AutolayoutTestTests */,
				B17372281D349FAA0092E919 /* AutolayoutTestUITests */,
			);
		};
/* End PBXProject section */

/* Begin PBXResourcesBuildPhase section */
		B17372031D349FAA0092E919 /* Resources */ = {
			isa = PBXResourcesBuildPhase;
			buildActionMask = 2147483647;
			files = (
				B17372181D349FAA0092E919 /* LaunchScreen.storyboard in Resources */,
				B17372151D349FAA0092E919 /* Assets.xcassets in Resources */,
				B17372131D349FAA0092E919 /* Main.storyboard in Resources */,
			);
			runOnlyForDeploymentPostprocessing = 0;
		};
		B173721C1D349FAA0092E919 /* Resources */ = {
			isa = PBXResourcesBuildPhase;
			buildActionMask = 2147483647;
			files = (
			);
			runOnlyForDeploymentPostprocessing = 0;
		};
		B17372271D349FAA0092E919 /* Resources */ = {
			isa = PBXResourcesBuildPhase;
			buildActionMask = 2147483647;
			files = (
			);
			runOnlyForDeploymentPostprocessing = 0;
		};
/* End PBXResourcesBuildPhase section */

/* Begin PBXSourcesBuildPhase section */
		B17372011D349FAA0092E919 /* Sources */ = {
			isa = PBXSourcesBuildPhase;
			buildActionMask = 2147483647;
			files = (
				B17372101D349FAA0092E919 /* ViewController.m in Sources */,
				B173720D1D349FAA0092E919 /* AppDelegate.m in Sources */,
				B173720A1D349FAA0092E919 /* main.m in Sources */,
			);
			runOnlyForDeploymentPostprocessing = 0;
		};
		B173721A1D349FAA0092E919 /* Sources */ = {
			isa = PBXSourcesBuildPhase;
			buildActionMask = 2147483647;
			files = (
				B17372231D349FAA0092E919 /* AutolayoutTestTests.m in Sources */,
			);
			runOnlyForDeploymentPostprocessing = 0;
		};
		B17372251D349FAA0092E919 /* Sources */ = {
			isa = PBXSourcesBuildPhase;
			buildActionMask = 2147483647;
			files = (
				B173722E1D349FAA0092E919 /* AutolayoutTestUITests.m in Sources */,
			);
			runOnlyForDeploymentPostprocessing = 0;
		};
/* End PBXSourcesBuildPhase section */

/* Begin PBXTargetDependency section */
		B17372201D349FAA0092E919 /* PBXTargetDependency */ = {
			isa = PBXTargetDependency;
			target = B17372041D349FAA0092E919 /* AutolayoutTest */;
			targetProxy = B173721F1D349FAA0092E919 /* PBXContainerItemProxy */;
		};
		B173722B1D349FAA0092E919 /* PBXTargetDependency */ = {
			isa = PBXTargetDependency;
			target = B17372041D349FAA0092E919 /* AutolayoutTest */;
			targetProxy = B173722A1D349FAA0092E919 /* PBXContainerItemProxy */;
		};
/* End PBXTargetDependency section */

/* Begin PBXVariantGroup section */
		B17372111D349FAA0092E919 /* Main.storyboard */ = {
			isa = PBXVariantGroup;
			children = (
				B17372121D349FAA0092E919 /* Base */,
			);
			name = Main.storyboard;
			sourceTree = "<group>";
		};
		B17372161D349FAA0092E919 /* LaunchScreen.storyboard */ = {
			isa = PBXVariantGroup;
			children = (
				B17372171D349FAA0092E919 /* Base */,
			);
			name = LaunchScreen.storyboard;
			sourceTree = "<group>";
		};
/* End PBXVariantGroup section */

/* Begin XCBuildConfiguration section */
		B17372301D349FAA0092E919 /* Debug */ = {
			isa = XCBuildConfiguration;
			buildSettings = {
				ALWAYS_SEARCH_USER_PATHS = NO;
				CLANG_CXX_LANGUAGE_STANDARD = "gnu++0x";
				CLANG_CXX_LIBRARY = "libc++";
				CLANG_ENABLE_MODULES = YES;
				CLANG_ENABLE_OBJC_ARC = YES;
				CLANG_WARN_BOOL_CONVERSION = YES;
				CLANG_WARN_CONSTANT_CONVERSION = YES;
				CLANG_WARN_DIRECT_OBJC_ISA_USAGE = YES_ERROR;
				CLANG_WARN_EMPTY_BODY = YES;
				CLANG_WARN_ENUM_CONVERSION = YES;
				CLANG_WARN_INT_CONVERSION = YES;
				CLANG_WARN_OBJC_ROOT_CLASS = YES_ERROR;
				CLANG_WARN_UNREACHABLE_CODE = YES;
				CLANG_WARN__DUPLICATE_METHOD_MATCH = YES;
				"CODE_SIGN_IDENTITY[sdk=iphoneos*]" = "iPhone Developer";
				COPY_PHASE_STRIP = NO;
				DEBUG_INFORMATION_FORMAT = dwarf;
				ENABLE_STRICT_OBJC_MSGSEND = YES;
				ENABLE_TESTABILITY = YES;
				GCC_C_LANGUAGE_STANDARD = gnu99;
				GCC_DYNAMIC_NO_PIC = NO;
				GCC_NO_COMMON_BLOCKS = YES;
				GCC_OPTIMIZATION_LEVEL = 0;
				GCC_PREPROCESSOR_DEFINITIONS = (
					"DEBUG=1",
					"$(inherited)",
				);
				GCC_WARN_64_TO_32_BIT_CONVERSION = YES;
				GCC_WARN_ABOUT_RETURN_TYPE = YES_ERROR;
				GCC_WARN_UNDECLARED_SELECTOR = YES;
				GCC_WARN_UNINITIALIZED_AUTOS = YES_AGGRESSIVE;
				GCC_WARN_UNUSED_FUNCTION = YES;
				GCC_WARN_UNUSED_VARIABLE = YES;
				IPHONEOS_DEPLOYMENT_TARGET = 9.1;
				MTL_ENABLE_DEBUG_INFO = YES;
				ONLY_ACTIVE_ARCH = YES;
				SDKROOT = iphoneos;
				TARGETED_DEVICE_FAMILY = "1,2";
			};
			name = Debug;
		};
		B17372311D349FAA0092E919 /* Release */ = {
			isa = XCBuildConfiguration;
			buildSettings = {
				ALWAYS_SEARCH_USER_PATHS = NO;
				CLANG_CXX_LANGUAGE_STANDARD = "gnu++0x";
				CLANG_CXX_LIBRARY = "libc++";
				CLANG_ENABLE_MODULES = YES;
				CLANG_ENABLE_OBJC_ARC = YES;
				CLANG_WARN_BOOL_CONVERSION = YES;
				CLANG_WARN_CONSTANT_CONVERSION = YES;
				CLANG_WARN_DIRECT_OBJC_ISA_USAGE = YES_ERROR;
				CLANG_WARN_EMPTY_BODY = YES;
				CLANG_WARN_ENUM_CONVERSION = YES;
				CLANG_WARN_INT_CONVERSION = YES;
				CLANG_WARN_OBJC_ROOT_CLASS = YES_ERROR;
				CLANG_WARN_UNREACHABLE_CODE = YES;
				CLANG_WARN__DUPLICATE_METHOD_MATCH = YES;
				"CODE_SIGN_IDENTITY[sdk=iphoneos*]" = "iPhone Developer";
				COPY_PHASE_STRIP = NO;
				DEBUG_INFORMATION_FORMAT = "dwarf-with-dsym";
				ENABLE_NS_ASSERTIONS = NO;
				ENABLE_STRICT_OBJC_MSGSEND = YES;
				GCC_C_LANGUAGE_STANDARD = gnu99;
				GCC_NO_COMMON_BLOCKS = YES;
				GCC_WARN_64_TO_32_BIT_CONVERSION = YES;
				GCC_WARN_ABOUT_RETURN_TYPE = YES_ERROR;
				GCC_WARN_UNDECLARED_SELECTOR = YES;
				GCC_WARN_UNINITIALIZED_AUTOS = YES_AGGRESSIVE;
				GCC_WARN_UNUSED_FUNCTION = YES;
				GCC_WARN_UNUSED_VARIABLE = YES;
				IPHONEOS_DEPLOYMENT_TARGET = 9.1;
				MTL_ENABLE_DEBUG_INFO = NO;
				SDKROOT = iphoneos;
				TARGETED_DEVICE_FAMILY = "1,2";
				VALIDATE_PRODUCT = YES;
			};
			name = Release;
		};
		B17372331D349FAA0092E919 /* Debug */ = {
			isa = XCBuildConfiguration;
			buildSettings = {
				ASSETCATALOG_COMPILER_APPICON_NAME = AppIcon;
				INFOPLIST_FILE = AutolayoutTest/Info.plist;
				LD_RUNPATH_SEARCH_PATHS = "$(inherited) @executable_path/Frameworks";
				PRODUCT_BUNDLE_IDENTIFIER = com.epro.AutolayoutTest;
				PRODUCT_NAME = "$(TARGET_NAME)";
			};
			name = Debug;
		};
		B17372341D349FAA0092E919 /* Release */ = {
			isa = XCBuildConfiguration;
			buildSettings = {
				ASSETCATALOG_COMPILER_APPICON_NAME = AppIcon;
				INFOPLIST_FILE = AutolayoutTest/Info.plist;
				LD_RUNPATH_SEARCH_PATHS = "$(inherited) @executable_path/Frameworks";
				PRODUCT_BUNDLE_IDENTIFIER = com.epro.AutolayoutTest;
				PRODUCT_NAME = "$(TARGET_NAME)";
			};
			name = Release;
		};
		B17372361D349FAA0092E919 /* Debug */ = {
			isa = XCBuildConfiguration;
			buildSettings = {
				BUNDLE_LOADER = "$(TEST_HOST)";
				INFOPLIST_FILE = AutolayoutTestTests/Info.plist;
				LD_RUNPATH_SEARCH_PATHS = "$(inherited) @executable_path/Frameworks @loader_path/Frameworks";
				PRODUCT_BUNDLE_IDENTIFIER = com.epro.AutolayoutTestTests;
				PRODUCT_NAME = "$(TARGET_NAME)";
				TEST_HOST = "$(BUILT_PRODUCTS_DIR)/AutolayoutTest.app/AutolayoutTest";
			};
			name = Debug;
		};
		B17372371D349FAA0092E919 /* Release */ = {
			isa = XCBuildConfiguration;
			buildSettings = {
				BUNDLE_LOADER = "$(TEST_HOST)";
				INFOPLIST_FILE = AutolayoutTestTests/Info.plist;
				LD_RUNPATH_SEARCH_PATHS = "$(inherited) @executable_path/Frameworks @loader_path/Frameworks";
				PRODUCT_BUNDLE_IDENTIFIER = com.epro.AutolayoutTestTests;
				PRODUCT_NAME = "$(TARGET_NAME)";
				TEST_HOST = "$(BUILT_PRODUCTS_DIR)/AutolayoutTest.app/AutolayoutTest";
			};
			name = Release;
		};
		B17372391D349FAA0092E919 /* Debug */ = {
			isa = XCBuildConfiguration;
			buildSettings = {
				INFOPLIST_FILE = AutolayoutTestUITests/Info.plist;
				LD_RUNPATH_SEARCH_PATHS = "$(inherited) @executable_path/Frameworks @loader_path/Frameworks";
				PRODUCT_BUNDLE_IDENTIFIER = com.epro.AutolayoutTestUITests;
				PRODUCT_NAME = "$(TARGET_NAME)";
				TEST_TARGET_NAME = AutolayoutTest;
				USES_XCTRUNNER = YES;
			};
			name = Debug;
		};
		B173723A1D349FAA0092E919 /* Release */ = {
			isa = XCBuildConfiguration;
			buildSettings = {
				INFOPLIST_FILE = AutolayoutTestUITests/Info.plist;
				LD_RUNPATH_SEARCH_PATHS = "$(inherited) @executable_path/Frameworks @loader_path/Frameworks";
				PRODUCT_BUNDLE_IDENTIFIER = com.epro.AutolayoutTestUITests;
				PRODUCT_NAME = "$(TARGET_NAME)";
				TEST_TARGET_NAME = AutolayoutTest;
				USES_XCTRUNNER = YES;
			};
			name = Release;
		};
/* End XCBuildConfiguration section */

/* Begin XCConfigurationList section */
		B17372001D349FAA0092E919 /* Build configuration list for PBXProject "AutolayoutTest" */ = {
			isa = XCConfigurationList;
			buildConfigurations = (
				B17372301D349FAA0092E919 /* Debug */,
				B17372311D349FAA0092E919 /* Release */,
			);
			defaultConfigurationIsVisible = 0;
			defaultConfigurationName = Release;
		};
		B17372321D349FAA0092E919 /* Build configuration list for PBXNativeTarget "AutolayoutTest" */ = {
			isa = XCConfigurationList;
			buildConfigurations = (
				B17372331D349FAA0092E919 /* Debug */,
				B17372341D349FAA0092E919 /* Release */,
			);
			defaultConfigurationIsVisible = 0;
		};
		B17372351D349FAA0092E919 /* Build configuration list for PBXNativeTarget "AutolayoutTestTests" */ = {
			isa = XCConfigurationList;
			buildConfigurations = (
				B17372361D349FAA0092E919 /* Debug */,
				B17372371D349FAA0092E919 /* Release */,
			);
			defaultConfigurationIsVisible = 0;
		};
		B17372381D349FAA0092E919 /* Build configuration list for PBXNativeTarget "AutolayoutTestUITests" */ = {
			isa = XCConfigurationList;
			buildConfigurations = (
				B17372391D349FAA0092E919 /* Debug */,
				B173723A1D349FAA0092E919 /* Release */,
			);
			defaultConfigurationIsVisible = 0;
		};
/* End XCConfigurationList section */
	};
	rootObject = B17371FD1D349FAA0092E919 /* Project object */;
}
